
Microsoft Visual Studio Solution File, Format Version 12.00
# Visual Studio 15
VisualStudioVersion = 15.0.28010.2050
MinimumVisualStudioVersion = 10.0.40219.1
Project("{FAE04EC0-301F-11D3-BF4B-00C04F79EFBC}") = "CoMiSzkodzi.Android", "CoMiSzkodzi\CoMiSzkodzi.Android\CoMiSzkodzi.Android.csproj", "{2D9D89E3-4CD2-4864-884D-1C5DEEA7318A}"
EndProject
Project("{FAE04EC0-301F-11D3-BF4B-00C04F79EFBC}") = "CoMiSzkodzi.iOS", "CoMiSzkodzi\CoMiSzkodzi.iOS\CoMiSzkodzi.iOS.csproj", "{A22FABA6-CC2E-4085-81A8-09A29977BAB3}"
EndProject
Project("{FAE04EC0-301F-11D3-BF4B-00C04F79EFBC}") = "CoMiSzkodzi", "CoMiSzkodzi\CoMiSzkodzi\CoMiSzkodzi.csproj", "{50C394D8-9760-4623-9527-9F02DD16ADCE}"
EndProject
Global
	GlobalSection(SolutionConfigurationPlatforms) = preSolution
		Ad-Hoc|Any CPU = Ad-Hoc|Any CPU
		Ad-Hoc|iPhone = Ad-Hoc|iPhone
		Ad-Hoc|iPhoneSimulator = Ad-Hoc|iPhoneSimulator
		AppStore|Any CPU = AppStore|Any CPU
		AppStore|iPhone = AppStore|iPhone
		AppStore|iPhoneSimulator = AppStore|iPhoneSimulator
		Debug|Any CPU = Debug|Any CPU
		Debug|iPhone = Debug|iPhone
		Debug|iPhoneSimulator = Debug|iPhoneSimulator
		Release|Any CPU = Release|Any CPU
		Release|iPhone = Release|iPhone
		Release|iPhoneSimulator = Release|iPhoneSimulator
	EndGlobalSection
	GlobalSection(ProjectConfigurationPlatforms) = postSolution
		{2D9D89E3-4CD2-4864-884D-1C5DEEA7318A}.Ad-Hoc|Any CPU.ActiveCfg = Release|Any CPU
		{2D9D89E3-4CD2-4864-884D-1C5DEEA7318A}.Ad-Hoc|Any CPU.Build.0 = Release|Any CPU
		{2D9D89E3-4CD2-4864-884D-1C5DEEA7318A}.Ad-Hoc|Any CPU.Deploy.0 = Release|Any CPU
		{2D9D89E3-4CD2-4864-884D-1C5DEEA7318A}.Ad-Hoc|iPhone.ActiveCfg = Release|Any CPU
		{2D9D89E3-4CD2-4864-884D-1C5DEEA7318A}.Ad-Hoc|iPhone.Build.0 = Release|Any CPU
		{2D9D89E3-4CD2-4864-884D-1C5DEEA7318A}.Ad-Hoc|iPhone.Deploy.0 = Release|Any CPU
		{2D9D89E3-4CD2-4864-884D-1C5DEEA7318A}.Ad-Hoc|iPhoneSimulator.ActiveCfg = Release|Any CPU
		{2D9D89E3-4CD2-4864-884D-1C5DEEA7318A}.Ad-Hoc|iPhoneSimulator.Build.0 = Release|Any CPU
		{2D9D89E3-4CD2-4864-884D-1C5DEEA7318A}.Ad-Hoc|iPhoneSimulator.Deploy.0 = Release|Any CPU
		{2D9D89E3-4CD2-4864-884D-1C5DEEA7318A}.AppStore|Any CPU.ActiveCfg = Release|Any CPU
		{2D9D89E3-4CD2-4864-884D-1C5DEEA7318A}.AppStore|Any CPU.Build.0 = Release|Any CPU
		{2D9D89E3-4CD2-4864-884D-1C5DEEA7318A}.AppStore|Any CPU.Deploy.0 = Release|Any CPU
		{2D9D89E3-4CD2-4864-884D-1C5DEEA7318A}.AppStore|iPhone.ActiveCfg = Release|Any CPU
		{2D9D89E3-4CD2-4864-884D-1C5DEEA7318A}.AppStore|iPhone.Build.0 = Release|Any CPU
		{2D9D89E3-4CD2-4864-884D-1C5DEEA7318A}.AppStore|iPhone.Deploy.0 = Release|Any CPU
		{2D9D89E3-4CD2-4864-884D-1C5DEEA7318A}.AppStore|iPhoneSimulator.ActiveCfg = Release|Any CPU
		{2D9D89E3-4CD2-4864-884D-1C5DEEA7318A}.AppStore|iPhoneSimulator.Build.0 = Release|Any CPU
		{2D9D89E3-4CD2-4864-884D-1C5DEEA7318A}.AppStore|iPhoneSimulator.Deploy.0 = Release|Any CPU
		{2D9D89E3-4CD2-4864-884D-1C5DEEA7318A}.Debug|Any CPU.ActiveCfg = Debug|Any CPU
		{2D9D89E3-4CD2-4864-884D-1C5DEEA7318A}.Debug|Any CPU.Build.0 = Debug|Any CPU
		{2D9D89E3-4CD2-4864-884D-1C5DEEA7318A}.Debug|Any CPU.Deploy.0 = Debug|Any CPU
		{2D9D89E3-4CD2-4864-884D-1C5DEEA7318A}.Debug|iPhone.ActiveCfg = Debug|Any CPU
		{2D9D89E3-4CD2-4864-884D-1C5DEEA7318A}.Debug|iPhone.Build.0 = Debug|Any CPU
		{2D9D89E3-4CD2-4864-884D-1C5DEEA7318A}.Debug|iPhone.Deploy.0 = Debug|Any CPU
		{2D9D89E3-4CD2-4864-884D-1C5DEEA7318A}.Debug|iPhoneSimulator.ActiveCfg = Debug|Any CPU
		{2D9D89E3-4CD2-4864-884D-1C5DEEA7318A}.Debug|iPhoneSimulator.Build.0 = Debug|Any CPU
		{2D9D89E3-4CD2-4864-884D-1C5DEEA7318A}.Debug|iPhoneSimulator.Deploy.0 = Debug|Any CPU
		{2D9D89E3-4CD2-4864-884D-1C5DEEA7318A}.Release|Any CPU.ActiveCfg = Release|Any CPU
		{2D9D89E3-4CD2-4864-884D-1C5DEEA7318A}.Release|Any CPU.Build.0 = Release|Any CPU
		{2D9D89E3-4CD2-4864-884D-1C5DEEA7318A}.Release|Any CPU.Deploy.0 = Release|Any CPU
		{2D9D89E3-4CD2-4864-884D-1C5DEEA7318A}.Release|iPhone.ActiveCfg = Release|Any CPU
		{2D9D89E3-4CD2-4864-884D-1C5DEEA7318A}.Release|iPhone.Build.0 = Release|Any CPU
		{2D9D89E3-4CD2-4864-884D-1C5DEEA7318A}.Release|iPhone.Deploy.0 = Release|Any CPU
		{2D9D89E3-4CD2-4864-884D-1C5DEEA7318A}.Release|iPhoneSimulator.ActiveCfg = Release|Any CPU
		{2D9D89E3-4CD2-4864-884D-1C5DEEA7318A}.Release|iPhoneSimulator.Build.0 = Release|Any CPU
		{2D9D89E3-4CD2-4864-884D-1C5DEEA7318A}.Release|iPhoneSimulator.Deploy.0 = Release|Any CPU
		{A22FABA6-CC2E-4085-81A8-09A29977BAB3}.Ad-Hoc|Any CPU.ActiveCfg = Ad-Hoc|iPhone
		{A22FABA6-CC2E-4085-81A8-09A29977BAB3}.Ad-Hoc|Any CPU.Build.0 = Ad-Hoc|iPhone
		{A22FABA6-CC2E-4085-81A8-09A29977BAB3}.Ad-Hoc|Any CPU.Deploy.0 = Ad-Hoc|iPhone
		{A22FABA6-CC2E-4085-81A8-09A29977BAB3}.Ad-Hoc|iPhone.ActiveCfg = Ad-Hoc|iPhone
		{A22FABA6-CC2E-4085-81A8-09A29977BAB3}.Ad-Hoc|iPhone.Build.0 = Ad-Hoc|iPhone
		{A22FABA6-CC2E-4085-81A8-09A29977BAB3}.Ad-Hoc|iPhone.Deploy.0 = Ad-Hoc|iPhone
		{A22FABA6-CC2E-4085-81A8-09A29977BAB3}.Ad-Hoc|iPhoneSimulator.ActiveCfg = Ad-Hoc|iPhoneSimulator
		{A22FABA6-CC2E-4085-81A8-09A29977BAB3}.Ad-Hoc|iPhoneSimulator.Build.0 = Ad-Hoc|iPhoneSimulator
		{A22FABA6-CC2E-4085-81A8-09A29977BAB3}.Ad-Hoc|iPhoneSimulator.Deploy.0 = Ad-Hoc|iPhoneSimulator
		{A22FABA6-CC2E-4085-81A8-09A29977BAB3}.AppStore|Any CPU.ActiveCfg = AppStore|iPhone
		{A22FABA6-CC2E-4085-81A8-09A29977BAB3}.AppStore|Any CPU.Build.0 = AppStore|iPhone
		{A22FABA6-CC2E-4085-81A8-09A29977BAB3}.AppStore|Any CPU.Deploy.0 = AppStore|iPhone
		{A22FABA6-CC2E-4085-81A8-09A29977BAB3}.AppStore|iPhone.ActiveCfg = AppStore|iPhone
		{A22FABA6-CC2E-4085-81A8-09A29977BAB3}.AppStore|iPhone.Build.0 = AppStore|iPhone
		{A22FABA6-CC2E-4085-81A8-09A29977BAB3}.AppStore|iPhone.Deploy.0 = AppStore|iPhone
		{A22FABA6-CC2E-4085-81A8-09A29977BAB3}.AppStore|iPhoneSimulator.ActiveCfg = AppStore|iPhoneSimulator
		{A22FABA6-CC2E-4085-81A8-09A29977BAB3}.AppStore|iPhoneSimulator.Build.0 = AppStore|iPhoneSimulator
		{A22FABA6-CC2E-4085-81A8-09A29977BAB3}.AppStore|iPhoneSimulator.Deploy.0 = AppStore|iPhoneSimulator
		{A22FABA6-CC2E-4085-81A8-09A29977BAB3}.Debug|Any CPU.ActiveCfg = Debug|iPhoneSimulator
		{A22FABA6-CC2E-4085-81A8-09A29977BAB3}.Debug|Any CPU.Build.0 = Debug|iPhoneSimulator
		{A22FABA6-CC2E-4085-81A8-09A29977BAB3}.Debug|Any CPU.Deploy.0 = Debug|iPhoneSimulator
		{A22FABA6-CC2E-4085-81A8-09A29977BAB3}.Debug|iPhone.ActiveCfg = Debug|iPhone
		{A22FABA6-CC2E-4085-81A8-09A29977BAB3}.Debug|iPhone.Build.0 = Debug|iPhone
		{A22FABA6-CC2E-4085-81A8-09A29977BAB3}.Debug|iPhone.Deploy.0 = Debug|iPhone
		{A22FABA6-CC2E-4085-81A8-09A29977BAB3}.Debug|iPhoneSimulator.ActiveCfg = Debug|iPhoneSimulator
		{A22FABA6-CC2E-4085-81A8-09A29977BAB3}.Debug|iPhoneSimulator.Build.0 = Debug|iPhoneSimulator
		{A22FABA6-CC2E-4085-81A8-09A29977BAB3}.Debug|iPhoneSimulator.Deploy.0 = Debug|iPhoneSimulator
		{A22FABA6-CC2E-4085-81A8-09A29977BAB3}.Release|Any CPU.ActiveCfg = Release|iPhone
		{A22FABA6-CC2E-4085-81A8-09A29977BAB3}.Release|Any CPU.Build.0 = Release|iPhone
		{A22FABA6-CC2E-4085-81A8-09A29977BAB3}.Release|Any CPU.Deploy.0 = Release|iPhone
		{A22FABA6-CC2E-4085-81A8-09A29977BAB3}.Release|iPhone.ActiveCfg = Release|iPhone
		{A22FABA6-CC2E-4085-81A8-09A29977BAB3}.Release|iPhone.Build.0 = Release|iPhone
		{A22FABA6-CC2E-4085-81A8-09A29977BAB3}.Release|iPhone.Deploy.0 = Release|iPhone
		{A22FABA6-CC2E-4085-81A8-09A29977BAB3}.Release|iPhoneSimulator.ActiveCfg = Release|iPhoneSimulator
		{A22FABA6-CC2E-4085-81A8-09A29977BAB3}.Release|iPhoneSimulator.Build.0 = Release|iPhoneSimulator
		{A22FABA6-CC2E-4085-81A8-09A29977BAB3}.Release|iPhoneSimulator.Deploy.0 = Release|iPhoneSimulator
		{50C394D8-9760-4623-9527-9F02DD16ADCE}.Ad-Hoc|Any CPU.ActiveCfg = Debug|Any CPU
		{50C394D8-9760-4623-9527-9F02DD16ADCE}.Ad-Hoc|Any CPU.Build.0 = Debug|Any CPU
		{50C394D8-9760-4623-9527-9F02DD16ADCE}.Ad-Hoc|Any CPU.Deploy.0 = Debug|Any CPU
		{50C394D8-9760-4623-9527-9F02DD16ADCE}.Ad-Hoc|iPhone.ActiveCfg = Debug|Any CPU
		{50C394D8-9760-4623-9527-9F02DD16ADCE}.Ad-Hoc|iPhone.Build.0 = Debug|Any CPU
		{50C394D8-9760-4623-9527-9F02DD16ADCE}.Ad-Hoc|iPhone.Deploy.0 = Debug|Any CPU
		{50C394D8-9760-4623-9527-9F02DD16ADCE}.Ad-Hoc|iPhoneSimulator.ActiveCfg = Debug|Any CPU
		{50C394D8-9760-4623-9527-9F02DD16ADCE}.Ad-Hoc|iPhoneSimulator.Build.0 = Debug|Any CPU
		{50C394D8-9760-4623-9527-9F02DD16ADCE}.Ad-Hoc|iPhoneSimulator.Deploy.0 = Debug|Any CPU
		{50C394D8-9760-4623-9527-9F02DD16ADCE}.AppStore|Any CPU.ActiveCfg = Debug|Any CPU
		{50C394D8-9760-4623-9527-9F02DD16ADCE}.AppStore|Any CPU.Build.0 = Debug|Any CPU
		{50C394D8-9760-4623-9527-9F02DD16ADCE}.AppStore|Any CPU.Deploy.0 = Debug|Any CPU
		{50C394D8-9760-4623-9527-9F02DD16ADCE}.AppStore|iPhone.ActiveCfg = Debug|Any CPU
		{50C394D8-9760-4623-9527-9F02DD16ADCE}.AppStore|iPhone.Build.0 = Debug|Any CPU
		{50C394D8-9760-4623-9527-9F02DD16ADCE}.AppStore|iPhone.Deploy.0 = Debug|Any CPU
		{50C394D8-9760-4623-9527-9F02DD16ADCE}.AppStore|iPhoneSimulator.ActiveCfg = Debug|Any CPU
		{50C394D8-9760-4623-9527-9F02DD16ADCE}.AppStore|iPhoneSimulator.Build.0 = Debug|Any CPU
		{50C394D8-9760-4623-9527-9F02DD16ADCE}.AppStore|iPhoneSimulator.Deploy.0 = Debug|Any CPU
		{50C394D8-9760-4623-9527-9F02DD16ADCE}.Debug|Any CPU.ActiveCfg = Debug|Any CPU
		{50C394D8-9760-4623-9527-9F02DD16ADCE}.Debug|Any CPU.Build.0 = Debug|Any CPU
		{50C394D8-9760-4623-9527-9F02DD16ADCE}.Debug|Any CPU.Deploy.0 = Debug|Any CPU
		{50C394D8-9760-4623-9527-9F02DD16ADCE}.Debug|iPhone.ActiveCfg = Debug|Any CPU
		{50C394D8-9760-4623-9527-9F02DD16ADCE}.Debug|iPhone.Build.0 = Debug|Any CPU
		{50C394D8-9760-4623-9527-9F02DD16ADCE}.Debug|iPhone.Deploy.0 = Debug|Any CPU
		{50C394D8-9760-4623-9527-9F02DD16ADCE}.Debug|iPhoneSimulator.ActiveCfg = Debug|Any CPU
		{50C394D8-9760-4623-9527-9F02DD16ADCE}.Debug|iPhoneSimulator.Build.0 = Debug|Any CPU
		{50C394D8-9760-4623-9527-9F02DD16ADCE}.Debug|iPhoneSimulator.Deploy.0 = Debug|Any CPU
		{50C394D8-9760-4623-9527-9F02DD16ADCE}.Release|Any CPU.ActiveCfg = Release|Any CPU
		{50C394D8-9760-4623-9527-9F02DD16ADCE}.Release|Any CPU.Build.0 = Release|Any CPU
		{50C394D8-9760-4623-9527-9F02DD16ADCE}.Release|Any CPU.Deploy.0 = Release|Any CPU
		{50C394D8-9760-4623-9527-9F02DD16ADCE}.Release|iPhone.ActiveCfg = Release|Any CPU
		{50C394D8-9760-4623-9527-9F02DD16ADCE}.Release|iPhone.Build.0 = Release|Any CPU
		{50C394D8-9760-4623-9527-9F02DD16ADCE}.Release|iPhone.Deploy.0 = Release|Any CPU
		{50C394D8-9760-4623-9527-9F02DD16ADCE}.Release|iPhoneSimulator.ActiveCfg = Release|Any CPU
		{50C394D8-9760-4623-9527-9F02DD16ADCE}.Release|iPhoneSimulator.Build.0 = Release|Any CPU
		{50C394D8-9760-4623-9527-9F02DD16ADCE}.Release|iPhoneSimulator.Deploy.0 = Release|Any CPU
	EndGlobalSection
	GlobalSection(SolutionProperties) = preSolution
		HideSolutionNode = FALSE
	EndGlobalSection
	GlobalSection(ExtensibilityGlobals) = postSolution
		SolutionGuid = {97A330E2-6A10-46C4-9C18-8D7A39A5C3BB}
	EndGlobalSection
EndGlobal
